
Microsoft Visual Studio Solution File, Format Version 12.00
# Visual Studio 15
VisualStudioVersion = 15.0.27703.2047
MinimumVisualStudioVersion = 10.0.40219.1
Project("{FAE04EC0-301F-11D3-BF4B-00C04F79EFBC}") = "Console_Demo1", "Console_Demo1\Console_Demo1.csproj", "{5294AD9E-C669-455F-8477-177F8E326159}"
EndProject
Global
	GlobalSection(SolutionConfigurationPlatforms) = preSolution
		Debug|Any CPU = Debug|Any CPU
		Release|Any CPU = Release|Any CPU
	EndGlobalSection
	GlobalSection(ProjectConfigurationPlatforms) = postSolution
		{5294AD9E-C669-455F-8477-177F8E326159}.Debug|Any CPU.ActiveCfg = Debug|Any CPU
		{5294AD9E-C669-455F-8477-177F8E326159}.Debug|Any CPU.Build.0 = Debug|Any CPU
		{5294AD9E-C669-455F-8477-177F8E326159}.Release|Any CPU.ActiveCfg = Release|Any CPU
		{5294AD9E-C669-455F-8477-177F8E326159}.Release|Any CPU.Build.0 = Release|Any CPU
	EndGlobalSection
	GlobalSection(SolutionProperties) = preSolution
		HideSolutionNode = FALSE
	EndGlobalSection
	GlobalSection(ExtensibilityGlobals) = postSolution
		SolutionGuid = {A2BC73A8-01C7-469F-8C11-24B93CA83ABE}
	EndGlobalSection
EndGlobal
